
Microsoft Visual Studio Solution File, Format Version 12.00
# Visual Studio Version 17
VisualStudioVersion = 17.11.35327.3
MinimumVisualStudioVersion = 10.0.40219.1
Project("{FAE04EC0-301F-11D3-BF4B-00C04F79EFBC}") = "AppSaresp_2024", "AppSaresp_2024.csproj", "{766F7870-54A2-4A8D-BAEA-103C7D05DDE9}"
EndProject
Global
	GlobalSection(SolutionConfigurationPlatforms) = preSolution
		Debug|Any CPU = Debug|Any CPU
		Release|Any CPU = Release|Any CPU
	EndGlobalSection
	GlobalSection(ProjectConfigurationPlatforms) = postSolution
		{766F7870-54A2-4A8D-BAEA-103C7D05DDE9}.Debug|Any CPU.ActiveCfg = Debug|Any CPU
		{766F7870-54A2-4A8D-BAEA-103C7D05DDE9}.Debug|Any CPU.Build.0 = Debug|Any CPU
		{766F7870-54A2-4A8D-BAEA-103C7D05DDE9}.Release|Any CPU.ActiveCfg = Release|Any CPU
		{766F7870-54A2-4A8D-BAEA-103C7D05DDE9}.Release|Any CPU.Build.0 = Release|Any CPU
	EndGlobalSection
	GlobalSection(SolutionProperties) = preSolution
		HideSolutionNode = FALSE
	EndGlobalSection
	GlobalSection(ExtensibilityGlobals) = postSolution
		SolutionGuid = {BAB7363D-069E-4550-958F-455E17AE6267}
	EndGlobalSection
EndGlobal
